PODS:
  - LZDefaultView (0.2.3):
    - Masonry
  - Masonry (1.1.0)

DEPENDENCIES:
  - LZDefaultView (from `../`)

SPEC REPOS:
  trunk:
    - Masonry

EXTERNAL SOURCES:
  LZDefaultView:
    :path: "../"

SPEC CHECKSUMS:
  LZDefaultView: a5e77a87122b2b33356efdf3a1d4e0e738b6d422
  Masonry: 678fab65091a9290e40e2832a55e7ab731aad201

PODFILE CHECKSUM: 81d39ad5a6b40aa26984ac55f94a9d7da62c28b9

COCOAPODS: 1.8.4
